
Microsoft Visual Studio Solution File, Format Version 12.00
# Visual Studio Version 16
VisualStudioVersion = 16.0.29728.190
MinimumVisualStudioVersion = 10.0.40219.1
Project("{9A19103F-16F7-4668-BE54-9A1E7A4F7556}") = "businessLogicSpeedup", "old\businessLogicSpeedup\businessLogicSpeedup.csproj", "{7955AB7D-B621-4873-AFE0-7DD20C3265BD}"
EndProject
Project("{9A19103F-16F7-4668-BE54-9A1E7A4F7556}") = "KafkaTest", "old\KafkaTest\KafkaTest.csproj", "{C8E39DB8-99AA-45DD-8382-EC3C2C97375F}"
EndProject
Project("{9A19103F-16F7-4668-BE54-9A1E7A4F7556}") = "RedisParser", "old\RedisParser\RedisParser.csproj", "{2B48E5B3-2F0A-407D-83B6-C97648E55D31}"
EndProject
Project("{2150E333-8FDC-42A3-9474-1A3956D46DE8}") = "old", "old", "{2EF9B915-7D66-4271-9023-500E2ED8AF45}"
EndProject
Project("{9A19103F-16F7-4668-BE54-9A1E7A4F7556}") = "Interfaces", "Interfaces\Interfaces.csproj", "{F90459D8-8DD7-4CBD-89C0-FCCD7D2B6832}"
EndProject
Project("{9A19103F-16F7-4668-BE54-9A1E7A4F7556}") = "RetailBusinessLogic", "old\RetailBusinessLogic\RetailBusinessLogic.csproj", "{8A0974BD-C12C-4095-AC37-97607FCFB346}"
EndProject
Project("{6EC3EE1D-3C4E-46DD-8F32-0CC8E7565705}") = "Domain", "Domain\Domain.fsproj", "{D42A8949-5D91-4C3E-AB17-B1FA2C90383F}"
EndProject
Project("{6EC3EE1D-3C4E-46DD-8F32-0CC8E7565705}") = "Fundamentals", "Fundamentals\Fundamentals.fsproj", "{A7E1B2F5-B843-4EA2-8642-9DE48FA6A609}"
EndProject
Project("{9A19103F-16F7-4668-BE54-9A1E7A4F7556}") = "MyTests", "MyTests\MyTests.csproj", "{F6AEEF5B-3B31-4BE9-9E5E-6B7AFA377150}"
EndProject
Project("{9A19103F-16F7-4668-BE54-9A1E7A4F7556}") = "WebAPI", "WebAPI\WebAPI.csproj", "{0BA9163E-7E77-4EF5-9A3D-6241874C5DFA}"
EndProject
Project("{9A19103F-16F7-4668-BE54-9A1E7A4F7556}") = "SampleProvider", "SampleProvider\SampleProvider.csproj", "{42126C92-931A-4341-A063-C9CEDE2168EA}"
EndProject
Project("{9A19103F-16F7-4668-BE54-9A1E7A4F7556}") = "Credentials", "Credentials\Credentials.csproj", "{9D804426-80A6-43E8-BFFF-377305CB66D4}"
EndProject
Project("{2150E333-8FDC-42A3-9474-1A3956D46DE8}") = "Solution Items", "Solution Items", "{5858F120-45D6-4B9E-9D95-9C9F13693A7A}"
	ProjectSection(SolutionItems) = preProject
		Properties\common.props = Properties\common.props
		Properties\netcore.props = Properties\netcore.props
		README.md = README.md
		Properties\stylecop.props = Properties\stylecop.props
	EndProjectSection
EndProject
Project("{9A19103F-16F7-4668-BE54-9A1E7A4F7556}") = "UpdateConfiguration", "UpdateConfiguration\UpdateConfiguration.csproj", "{B70EF22E-2140-4C91-8D22-7812EDE90F7C}"
EndProject
Project("{9A19103F-16F7-4668-BE54-9A1E7A4F7556}") = "SnapshotGenerator", "SnapshotGenerator\SnapshotGenerator.csproj", "{97402184-B5E0-49F7-9741-EFA8192E52D6}"
EndProject
Project("{9A19103F-16F7-4668-BE54-9A1E7A4F7556}") = "BusinessDataAggregation", "BusinessDataAggregation\BusinessDataAggregation.csproj", "{853D3E4C-6C51-48B7-AECC-4FC0B36BC304}"
EndProject
Project("{9A19103F-16F7-4668-BE54-9A1E7A4F7556}") = "Messaging.AzureImpl", "Messaging.AzureImpl\Messaging.AzureImpl.csproj", "{A8779DBF-E525-4832-81C3-F440A9214FE2}"
EndProject
Global
	GlobalSection(SolutionConfigurationPlatforms) = preSolution
		Debug|Any CPU = Debug|Any CPU
		Release|Any CPU = Release|Any CPU
	EndGlobalSection
	GlobalSection(ProjectConfigurationPlatforms) = postSolution
		{7955AB7D-B621-4873-AFE0-7DD20C3265BD}.Debug|Any CPU.ActiveCfg = Debug|Any CPU
		{7955AB7D-B621-4873-AFE0-7DD20C3265BD}.Debug|Any CPU.Build.0 = Debug|Any CPU
		{7955AB7D-B621-4873-AFE0-7DD20C3265BD}.Release|Any CPU.ActiveCfg = Release|Any CPU
		{7955AB7D-B621-4873-AFE0-7DD20C3265BD}.Release|Any CPU.Build.0 = Release|Any CPU
		{C8E39DB8-99AA-45DD-8382-EC3C2C97375F}.Debug|Any CPU.ActiveCfg = Debug|Any CPU
		{C8E39DB8-99AA-45DD-8382-EC3C2C97375F}.Debug|Any CPU.Build.0 = Debug|Any CPU
		{C8E39DB8-99AA-45DD-8382-EC3C2C97375F}.Release|Any CPU.ActiveCfg = Release|Any CPU
		{C8E39DB8-99AA-45DD-8382-EC3C2C97375F}.Release|Any CPU.Build.0 = Release|Any CPU
		{2B48E5B3-2F0A-407D-83B6-C97648E55D31}.Debug|Any CPU.ActiveCfg = Debug|Any CPU
		{2B48E5B3-2F0A-407D-83B6-C97648E55D31}.Debug|Any CPU.Build.0 = Debug|Any CPU
		{2B48E5B3-2F0A-407D-83B6-C97648E55D31}.Release|Any CPU.ActiveCfg = Release|Any CPU
		{2B48E5B3-2F0A-407D-83B6-C97648E55D31}.Release|Any CPU.Build.0 = Release|Any CPU
		{F90459D8-8DD7-4CBD-89C0-FCCD7D2B6832}.Debug|Any CPU.ActiveCfg = Debug|Any CPU
		{F90459D8-8DD7-4CBD-89C0-FCCD7D2B6832}.Debug|Any CPU.Build.0 = Debug|Any CPU
		{F90459D8-8DD7-4CBD-89C0-FCCD7D2B6832}.Release|Any CPU.ActiveCfg = Release|Any CPU
		{F90459D8-8DD7-4CBD-89C0-FCCD7D2B6832}.Release|Any CPU.Build.0 = Release|Any CPU
		{8A0974BD-C12C-4095-AC37-97607FCFB346}.Debug|Any CPU.ActiveCfg = Debug|Any CPU
		{8A0974BD-C12C-4095-AC37-97607FCFB346}.Debug|Any CPU.Build.0 = Debug|Any CPU
		{8A0974BD-C12C-4095-AC37-97607FCFB346}.Release|Any CPU.ActiveCfg = Release|Any CPU
		{8A0974BD-C12C-4095-AC37-97607FCFB346}.Release|Any CPU.Build.0 = Release|Any CPU
		{D42A8949-5D91-4C3E-AB17-B1FA2C90383F}.Debug|Any CPU.ActiveCfg = Debug|Any CPU
		{D42A8949-5D91-4C3E-AB17-B1FA2C90383F}.Debug|Any CPU.Build.0 = Debug|Any CPU
		{D42A8949-5D91-4C3E-AB17-B1FA2C90383F}.Release|Any CPU.ActiveCfg = Release|Any CPU
		{D42A8949-5D91-4C3E-AB17-B1FA2C90383F}.Release|Any CPU.Build.0 = Release|Any CPU
		{A7E1B2F5-B843-4EA2-8642-9DE48FA6A609}.Debug|Any CPU.ActiveCfg = Debug|Any CPU
		{A7E1B2F5-B843-4EA2-8642-9DE48FA6A609}.Debug|Any CPU.Build.0 = Debug|Any CPU
		{A7E1B2F5-B843-4EA2-8642-9DE48FA6A609}.Release|Any CPU.ActiveCfg = Release|Any CPU
		{A7E1B2F5-B843-4EA2-8642-9DE48FA6A609}.Release|Any CPU.Build.0 = Release|Any CPU
		{F6AEEF5B-3B31-4BE9-9E5E-6B7AFA377150}.Debug|Any CPU.ActiveCfg = Debug|Any CPU
		{F6AEEF5B-3B31-4BE9-9E5E-6B7AFA377150}.Debug|Any CPU.Build.0 = Debug|Any CPU
		{F6AEEF5B-3B31-4BE9-9E5E-6B7AFA377150}.Release|Any CPU.ActiveCfg = Release|Any CPU
		{F6AEEF5B-3B31-4BE9-9E5E-6B7AFA377150}.Release|Any CPU.Build.0 = Release|Any CPU
		{0BA9163E-7E77-4EF5-9A3D-6241874C5DFA}.Debug|Any CPU.ActiveCfg = Debug|Any CPU
		{0BA9163E-7E77-4EF5-9A3D-6241874C5DFA}.Debug|Any CPU.Build.0 = Debug|Any CPU
		{0BA9163E-7E77-4EF5-9A3D-6241874C5DFA}.Release|Any CPU.ActiveCfg = Release|Any CPU
		{0BA9163E-7E77-4EF5-9A3D-6241874C5DFA}.Release|Any CPU.Build.0 = Release|Any CPU
		{42126C92-931A-4341-A063-C9CEDE2168EA}.Debug|Any CPU.ActiveCfg = Debug|Any CPU
		{42126C92-931A-4341-A063-C9CEDE2168EA}.Debug|Any CPU.Build.0 = Debug|Any CPU
		{42126C92-931A-4341-A063-C9CEDE2168EA}.Release|Any CPU.ActiveCfg = Release|Any CPU
		{42126C92-931A-4341-A063-C9CEDE2168EA}.Release|Any CPU.Build.0 = Release|Any CPU
		{9D804426-80A6-43E8-BFFF-377305CB66D4}.Debug|Any CPU.ActiveCfg = Debug|Any CPU
		{9D804426-80A6-43E8-BFFF-377305CB66D4}.Debug|Any CPU.Build.0 = Debug|Any CPU
		{9D804426-80A6-43E8-BFFF-377305CB66D4}.Release|Any CPU.ActiveCfg = Release|Any CPU
		{9D804426-80A6-43E8-BFFF-377305CB66D4}.Release|Any CPU.Build.0 = Release|Any CPU
		{B70EF22E-2140-4C91-8D22-7812EDE90F7C}.Debug|Any CPU.ActiveCfg = Debug|Any CPU
		{B70EF22E-2140-4C91-8D22-7812EDE90F7C}.Debug|Any CPU.Build.0 = Debug|Any CPU
		{B70EF22E-2140-4C91-8D22-7812EDE90F7C}.Release|Any CPU.ActiveCfg = Release|Any CPU
		{B70EF22E-2140-4C91-8D22-7812EDE90F7C}.Release|Any CPU.Build.0 = Release|Any CPU
		{97402184-B5E0-49F7-9741-EFA8192E52D6}.Debug|Any CPU.ActiveCfg = Debug|Any CPU
		{97402184-B5E0-49F7-9741-EFA8192E52D6}.Debug|Any CPU.Build.0 = Debug|Any CPU
		{97402184-B5E0-49F7-9741-EFA8192E52D6}.Release|Any CPU.ActiveCfg = Release|Any CPU
		{97402184-B5E0-49F7-9741-EFA8192E52D6}.Release|Any CPU.Build.0 = Release|Any CPU
		{853D3E4C-6C51-48B7-AECC-4FC0B36BC304}.Debug|Any CPU.ActiveCfg = Debug|Any CPU
		{853D3E4C-6C51-48B7-AECC-4FC0B36BC304}.Debug|Any CPU.Build.0 = Debug|Any CPU
		{853D3E4C-6C51-48B7-AECC-4FC0B36BC304}.Release|Any CPU.ActiveCfg = Release|Any CPU
		{853D3E4C-6C51-48B7-AECC-4FC0B36BC304}.Release|Any CPU.Build.0 = Release|Any CPU
		{A8779DBF-E525-4832-81C3-F440A9214FE2}.Debug|Any CPU.ActiveCfg = Debug|Any CPU
		{A8779DBF-E525-4832-81C3-F440A9214FE2}.Debug|Any CPU.Build.0 = Debug|Any CPU
		{A8779DBF-E525-4832-81C3-F440A9214FE2}.Release|Any CPU.ActiveCfg = Release|Any CPU
		{A8779DBF-E525-4832-81C3-F440A9214FE2}.Release|Any CPU.Build.0 = Release|Any CPU
	EndGlobalSection
	GlobalSection(SolutionProperties) = preSolution
		HideSolutionNode = FALSE
	EndGlobalSection
	GlobalSection(NestedProjects) = preSolution
		{7955AB7D-B621-4873-AFE0-7DD20C3265BD} = {2EF9B915-7D66-4271-9023-500E2ED8AF45}
		{C8E39DB8-99AA-45DD-8382-EC3C2C97375F} = {2EF9B915-7D66-4271-9023-500E2ED8AF45}
		{2B48E5B3-2F0A-407D-83B6-C97648E55D31} = {2EF9B915-7D66-4271-9023-500E2ED8AF45}
		{8A0974BD-C12C-4095-AC37-97607FCFB346} = {2EF9B915-7D66-4271-9023-500E2ED8AF45}
	EndGlobalSection
	GlobalSection(ExtensibilityGlobals) = postSolution
		SolutionGuid = {4D4C50E1-A8D3-4A1B-B38A-300F5E906227}
	EndGlobalSection
EndGlobal
